
Microsoft Visual Studio Solution File, Format Version 12.00
# Visual Studio 15
VisualStudioVersion = 15.0.26124.0
MinimumVisualStudioVersion = 15.0.26124.0
Project("{2150E333-8FDC-42A3-9474-1A3956D46DE8}") = "src", "src", "{E128BD52-37A6-40EA-B96A-2915E9918E2E}"
EndProject
Project("{FAE04EC0-301F-11D3-BF4B-00C04F79EFBC}") = "Web", "src\Web\Web.csproj", "{04EB825F-7B22-4EAE-B2F6-6B44670E8880}"
EndProject
Project("{2150E333-8FDC-42A3-9474-1A3956D46DE8}") = "tests", "tests", "{316FF9C1-9E7E-4D16-891F-4504423C3397}"
EndProject
Project("{FAE04EC0-301F-11D3-BF4B-00C04F79EFBC}") = "FunctionalTests", "tests\FunctionalTests\FunctionalTests.csproj", "{58D9DD02-9F8E-4271-9CA4-D580710E252A}"
EndProject
Project("{FAE04EC0-301F-11D3-BF4B-00C04F79EFBC}") = "IntegrationTests", "tests\IntegrationTests\IntegrationTests.csproj", "{3B87A296-9E9F-4746-9BDE-1F1752C51CD7}"
EndProject
Project("{FAE04EC0-301F-11D3-BF4B-00C04F79EFBC}") = "UnitTests", "tests\UnitTests\UnitTests.csproj", "{9BF8C270-D8C0-447A-9E4F-1E94E664BBF7}"
EndProject
Global
	GlobalSection(SolutionConfigurationPlatforms) = preSolution
		Debug|Any CPU = Debug|Any CPU
		Debug|x64 = Debug|x64
		Debug|x86 = Debug|x86
		Release|Any CPU = Release|Any CPU
		Release|x64 = Release|x64
		Release|x86 = Release|x86
	EndGlobalSection
	GlobalSection(SolutionProperties) = preSolution
		HideSolutionNode = FALSE
	EndGlobalSection
	GlobalSection(ProjectConfigurationPlatforms) = postSolution
		{04EB825F-7B22-4EAE-B2F6-6B44670E8880}.Debug|Any CPU.ActiveCfg = Debug|Any CPU
		{04EB825F-7B22-4EAE-B2F6-6B44670E8880}.Debug|Any CPU.Build.0 = Debug|Any CPU
		{04EB825F-7B22-4EAE-B2F6-6B44670E8880}.Debug|x64.ActiveCfg = Debug|Any CPU
		{04EB825F-7B22-4EAE-B2F6-6B44670E8880}.Debug|x64.Build.0 = Debug|Any CPU
		{04EB825F-7B22-4EAE-B2F6-6B44670E8880}.Debug|x86.ActiveCfg = Debug|Any CPU
		{04EB825F-7B22-4EAE-B2F6-6B44670E8880}.Debug|x86.Build.0 = Debug|Any CPU
		{04EB825F-7B22-4EAE-B2F6-6B44670E8880}.Release|Any CPU.ActiveCfg = Release|Any CPU
		{04EB825F-7B22-4EAE-B2F6-6B44670E8880}.Release|Any CPU.Build.0 = Release|Any CPU
		{04EB825F-7B22-4EAE-B2F6-6B44670E8880}.Release|x64.ActiveCfg = Release|Any CPU
		{04EB825F-7B22-4EAE-B2F6-6B44670E8880}.Release|x64.Build.0 = Release|Any CPU
		{04EB825F-7B22-4EAE-B2F6-6B44670E8880}.Release|x86.ActiveCfg = Release|Any CPU
		{04EB825F-7B22-4EAE-B2F6-6B44670E8880}.Release|x86.Build.0 = Release|Any CPU
		{58D9DD02-9F8E-4271-9CA4-D580710E252A}.Debug|Any CPU.ActiveCfg = Debug|Any CPU
		{58D9DD02-9F8E-4271-9CA4-D580710E252A}.Debug|Any CPU.Build.0 = Debug|Any CPU
		{58D9DD02-9F8E-4271-9CA4-D580710E252A}.Debug|x64.ActiveCfg = Debug|Any CPU
		{58D9DD02-9F8E-4271-9CA4-D580710E252A}.Debug|x64.Build.0 = Debug|Any CPU
		{58D9DD02-9F8E-4271-9CA4-D580710E252A}.Debug|x86.ActiveCfg = Debug|Any CPU
		{58D9DD02-9F8E-4271-9CA4-D580710E252A}.Debug|x86.Build.0 = Debug|Any CPU
		{58D9DD02-9F8E-4271-9CA4-D580710E252A}.Release|Any CPU.ActiveCfg = Release|Any CPU
		{58D9DD02-9F8E-4271-9CA4-D580710E252A}.Release|Any CPU.Build.0 = Release|Any CPU
		{58D9DD02-9F8E-4271-9CA4-D580710E252A}.Release|x64.ActiveCfg = Release|Any CPU
		{58D9DD02-9F8E-4271-9CA4-D580710E252A}.Release|x64.Build.0 = Release|Any CPU
		{58D9DD02-9F8E-4271-9CA4-D580710E252A}.Release|x86.ActiveCfg = Release|Any CPU
		{58D9DD02-9F8E-4271-9CA4-D580710E252A}.Release|x86.Build.0 = Release|Any CPU
		{3B87A296-9E9F-4746-9BDE-1F1752C51CD7}.Debug|Any CPU.ActiveCfg = Debug|Any CPU
		{3B87A296-9E9F-4746-9BDE-1F1752C51CD7}.Debug|Any CPU.Build.0 = Debug|Any CPU
		{3B87A296-9E9F-4746-9BDE-1F1752C51CD7}.Debug|x64.ActiveCfg = Debug|Any CPU
		{3B87A296-9E9F-4746-9BDE-1F1752C51CD7}.Debug|x64.Build.0 = Debug|Any CPU
		{3B87A296-9E9F-4746-9BDE-1F1752C51CD7}.Debug|x86.ActiveCfg = Debug|Any CPU
		{3B87A296-9E9F-4746-9BDE-1F1752C51CD7}.Debug|x86.Build.0 = Debug|Any CPU
		{3B87A296-9E9F-4746-9BDE-1F1752C51CD7}.Release|Any CPU.ActiveCfg = Release|Any CPU
		{3B87A296-9E9F-4746-9BDE-1F1752C51CD7}.Release|Any CPU.Build.0 = Release|Any CPU
		{3B87A296-9E9F-4746-9BDE-1F1752C51CD7}.Release|x64.ActiveCfg = Release|Any CPU
		{3B87A296-9E9F-4746-9BDE-1F1752C51CD7}.Release|x64.Build.0 = Release|Any CPU
		{3B87A296-9E9F-4746-9BDE-1F1752C51CD7}.Release|x86.ActiveCfg = Release|Any CPU
		{3B87A296-9E9F-4746-9BDE-1F1752C51CD7}.Release|x86.Build.0 = Release|Any CPU
		{9BF8C270-D8C0-447A-9E4F-1E94E664BBF7}.Debug|Any CPU.ActiveCfg = Debug|Any CPU
		{9BF8C270-D8C0-447A-9E4F-1E94E664BBF7}.Debug|Any CPU.Build.0 = Debug|Any CPU
		{9BF8C270-D8C0-447A-9E4F-1E94E664BBF7}.Debug|x64.ActiveCfg = Debug|Any CPU
		{9BF8C270-D8C0-447A-9E4F-1E94E664BBF7}.Debug|x64.Build.0 = Debug|Any CPU
		{9BF8C270-D8C0-447A-9E4F-1E94E664BBF7}.Debug|x86.ActiveCfg = Debug|Any CPU
		{9BF8C270-D8C0-447A-9E4F-1E94E664BBF7}.Debug|x86.Build.0 = Debug|Any CPU
		{9BF8C270-D8C0-447A-9E4F-1E94E664BBF7}.Release|Any CPU.ActiveCfg = Release|Any CPU
		{9BF8C270-D8C0-447A-9E4F-1E94E664BBF7}.Release|Any CPU.Build.0 = Release|Any CPU
		{9BF8C270-D8C0-447A-9E4F-1E94E664BBF7}.Release|x64.ActiveCfg = Release|Any CPU
		{9BF8C270-D8C0-447A-9E4F-1E94E664BBF7}.Release|x64.Build.0 = Release|Any CPU
		{9BF8C270-D8C0-447A-9E4F-1E94E664BBF7}.Release|x86.ActiveCfg = Release|Any CPU
		{9BF8C270-D8C0-447A-9E4F-1E94E664BBF7}.Release|x86.Build.0 = Release|Any CPU
	EndGlobalSection
	GlobalSection(NestedProjects) = preSolution
		{04EB825F-7B22-4EAE-B2F6-6B44670E8880} = {E128BD52-37A6-40EA-B96A-2915E9918E2E}
		{58D9DD02-9F8E-4271-9CA4-D580710E252A} = {316FF9C1-9E7E-4D16-891F-4504423C3397}
		{3B87A296-9E9F-4746-9BDE-1F1752C51CD7} = {316FF9C1-9E7E-4D16-891F-4504423C3397}
		{9BF8C270-D8C0-447A-9E4F-1E94E664BBF7} = {316FF9C1-9E7E-4D16-891F-4504423C3397}
	EndGlobalSection
EndGlobal
